
Microsoft Visual Studio Solution File, Format Version 12.00
# Visual Studio Version 16
VisualStudioVersion = 16.0.31624.102
MinimumVisualStudioVersion = 10.0.40219.1
Project("{FAE04EC0-301F-11D3-BF4B-00C04F79EFBC}") = "DBWithoutEF", "DBWithoutEF\DBWithoutEF.csproj", "{C5902CFE-4508-42C7-A356-79FC7B2199DB}"
EndProject
Global
	GlobalSection(SolutionConfigurationPlatforms) = preSolution
		Debug|Any CPU = Debug|Any CPU
		Release|Any CPU = Release|Any CPU
	EndGlobalSection
	GlobalSection(ProjectConfigurationPlatforms) = postSolution
		{C5902CFE-4508-42C7-A356-79FC7B2199DB}.Debug|Any CPU.ActiveCfg = Debug|Any CPU
		{C5902CFE-4508-42C7-A356-79FC7B2199DB}.Debug|Any CPU.Build.0 = Debug|Any CPU
		{C5902CFE-4508-42C7-A356-79FC7B2199DB}.Release|Any CPU.ActiveCfg = Release|Any CPU
		{C5902CFE-4508-42C7-A356-79FC7B2199DB}.Release|Any CPU.Build.0 = Release|Any CPU
	EndGlobalSection
	GlobalSection(SolutionProperties) = preSolution
		HideSolutionNode = FALSE
	EndGlobalSection
	GlobalSection(ExtensibilityGlobals) = postSolution
		SolutionGuid = {EE2FB3F8-B234-435F-9C78-85B40417DE16}
	EndGlobalSection
EndGlobal
